
Microsoft Visual Studio Solution File, Format Version 12.00
# Visual Studio Version 17
VisualStudioVersion = 17.8.34330.188
MinimumVisualStudioVersion = 10.0.40219.1
Project("{FAE04EC0-301F-11D3-BF4B-00C04F79EFBC}") = "ChatApp", "WebApplication1\ChatApp.csproj", "{7BAAD6CB-0057-4378-BB46-EEB68D9E5AF0}"
EndProject
Global
	GlobalSection(SolutionConfigurationPlatforms) = preSolution
		Debug|Any CPU = Debug|Any CPU
		Release|Any CPU = Release|Any CPU
	EndGlobalSection
	GlobalSection(ProjectConfigurationPlatforms) = postSolution
		{7BAAD6CB-0057-4378-BB46-EEB68D9E5AF0}.Debug|Any CPU.ActiveCfg = Debug|Any CPU
		{7BAAD6CB-0057-4378-BB46-EEB68D9E5AF0}.Debug|Any CPU.Build.0 = Debug|Any CPU
		{7BAAD6CB-0057-4378-BB46-EEB68D9E5AF0}.Release|Any CPU.ActiveCfg = Release|Any CPU
		{7BAAD6CB-0057-4378-BB46-EEB68D9E5AF0}.Release|Any CPU.Build.0 = Release|Any CPU
	EndGlobalSection
	GlobalSection(SolutionProperties) = preSolution
		HideSolutionNode = FALSE
	EndGlobalSection
	GlobalSection(ExtensibilityGlobals) = postSolution
		SolutionGuid = {32CB1341-53DB-4310-8676-5A35420CE0A1}
	EndGlobalSection
EndGlobal
